
Microsoft Visual Studio Solution File, Format Version 12.00
# Visual Studio Version 17
VisualStudioVersion = 17.2.32630.192
MinimumVisualStudioVersion = 10.0.40219.1
Project("{FAE04EC0-301F-11D3-BF4B-00C04F79EFBC}") = "WindPowerWebApp", "WindPowerWebApp\WindPowerWebApp.csproj", "{AED83C57-37CF-4BAD-AE96-A8171FFDBECD}"
EndProject
Global
	GlobalSection(SolutionConfigurationPlatforms) = preSolution
		Debug|Any CPU = Debug|Any CPU
		Release|Any CPU = Release|Any CPU
	EndGlobalSection
	GlobalSection(ProjectConfigurationPlatforms) = postSolution
		{AED83C57-37CF-4BAD-AE96-A8171FFDBECD}.Debug|Any CPU.ActiveCfg = Debug|Any CPU
		{AED83C57-37CF-4BAD-AE96-A8171FFDBECD}.Debug|Any CPU.Build.0 = Debug|Any CPU
		{AED83C57-37CF-4BAD-AE96-A8171FFDBECD}.Release|Any CPU.ActiveCfg = Release|Any CPU
		{AED83C57-37CF-4BAD-AE96-A8171FFDBECD}.Release|Any CPU.Build.0 = Release|Any CPU
	EndGlobalSection
	GlobalSection(SolutionProperties) = preSolution
		HideSolutionNode = FALSE
	EndGlobalSection
	GlobalSection(ExtensibilityGlobals) = postSolution
		SolutionGuid = {8D7B9AA7-D13C-4876-ABCA-F50A5DA68A9F}
	EndGlobalSection
EndGlobal
